// !$*UTF8*$!
{
	archiveVersion = 1;
	classes = {
	};
	objectVersion = 56;
	objects = {

/* Begin PBXBuildFile section */
		00F2432B2AA9AD0A00FBA93F /* AppDelegate.swift in Sources */ = {isa = PBXBuildFile; fileRef = 00F2432A2AA9AD0A00FBA93F /* AppDelegate.swift */; };
		00F2432D2AA9AD0A00FBA93F /* SceneDelegate.swift in Sources */ = {isa = PBXBuildFile; fileRef = 00F2432C2AA9AD0A00FBA93F /* SceneDelegate.swift */; };
		00F2432F2AA9AD0A00FBA93F /* ViewController.swift in Sources */ = {isa = PBXBuildFile; fileRef = 00F2432E2AA9AD0A00FBA93F /* ViewController.swift */; };
		00F243322AA9AD0A00FBA93F /* Main.storyboard in Resources */ = {isa = PBXBuildFile; fileRef = 00F243302AA9AD0A00FBA93F /* Main.storyboard */; };
		00F243342AA9AD0D00FBA93F /* Assets.xcassets in Resources */ = {isa = PBXBuildFile; fileRef = 00F243332AA9AD0D00FBA93F /* Assets.xcassets */; };
		00F243372AA9AD0D00FBA93F /* LaunchScreen.storyboard in Resources */ = {isa = PBXBuildFile; fileRef = 00F243352AA9AD0D00FBA93F /* LaunchScreen.storyboard */; };
		00F243422AA9AD0E00FBA93F /* DrawOnVideoSampleTests.swift in Sources */ = {isa = PBXBuildFile; fileRef = 00F243412AA9AD0E00FBA93F /* DrawOnVideoSampleTests.swift */; };
		00F2434C2AA9AD0E00FBA93F /* DrawOnVideoSampleUITests.swift in Sources */ = {isa = PBXBuildFile; fileRef = 00F2434B2AA9AD0E00FBA93F /* DrawOnVideoSampleUITests.swift */; };
		00F2434E2AA9AD0E00FBA93F /* DrawOnVideoSampleUITestsLaunchTests.swift in Sources */ = {isa = PBXBuildFile; fileRef = 00F2434D2AA9AD0E00FBA93F /* DrawOnVideoSampleUITestsLaunchTests.swift */; };
		99317EEBD684CD64032D41A4 /* Pods_DrawOnVideoSample.framework in Frameworks */ = {isa = PBXBuildFile; fileRef = 645FCFA34154BE13F3873DBB /* Pods_DrawOnVideoSample.framework */; };
		D54357AF27A45A90B040C940 /* Pods_DrawOnVideoSample_DrawOnVideoSampleUITests.framework in Frameworks */ = {isa = PBXBuildFile; fileRef = 96CF610638211B65425C893D /* Pods_DrawOnVideoSample_DrawOnVideoSampleUITests.framework */; };
		DCEA82A1D698964024BA1618 /* Pods_DrawOnVideoSampleTests.framework in Frameworks */ = {isa = PBXBuildFile; fileRef = 65A5188087881BBF9A2EBE2C /* Pods_DrawOnVideoSampleTests.framework */; };
/* End PBXBuildFile section */

/* Begin PBXContainerItemProxy section */
		00F2433E2AA9AD0E00FBA93F /* PBXContainerItemProxy */ = {
			isa = PBXContainerItemProxy;
			containerPortal = 00F2431F2AA9AD0A00FBA93F /* Project object */;
			proxyType = 1;
			remoteGlobalIDString = 00F243262AA9AD0A00FBA93F;
			remoteInfo = DrawOnVideoSample;
		};
		00F243482AA9AD0E00FBA93F /* PBXContainerItemProxy */ = {
			isa = PBXContainerItemProxy;
			containerPortal = 00F2431F2AA9AD0A00FBA93F /* Project object */;
			proxyType = 1;
			remoteGlobalIDString = 00F243262AA9AD0A00FBA93F;
			remoteInfo = DrawOnVideoSample;
		};
/* End PBXContainerItemProxy section */

/* Begin PBXFileReference section */
		00F243272AA9AD0A00FBA93F /* DrawOnVideoSample.app */ = {isa = PBXFileReference; explicitFileType = wrapper.application; includeInIndex = 0; path = DrawOnVideoSample.app; sourceTree = BUILT_PRODUCTS_DIR; };
		00F2432A2AA9AD0A00FBA93F /* AppDelegate.swift */ = {isa = PBXFileReference; lastKnownFileType = sourcecode.swift; path = AppDelegate.swift; sourceTree = "<group>"; };
		00F2432C2AA9AD0A00FBA93F /* SceneDelegate.swift */ = {isa = PBXFileReference; lastKnownFileType = sourcecode.swift; path = SceneDelegate.swift; sourceTree = "<group>"; };
		00F2432E2AA9AD0A00FBA93F /* ViewController.swift */ = {isa = PBXFileReference; lastKnownFileType = sourcecode.swift; path = ViewController.swift; sourceTree = "<group>"; };
		00F243312AA9AD0A00FBA93F /* Base */ = {isa = PBXFileReference; lastKnownFileType = file.storyboard; name = Base; path = Base.lproj/Main.storyboard; sourceTree = "<group>"; };
		00F243332AA9AD0D00FBA93F /* Assets.xcassets */ = {isa = PBXFileReference; lastKnownFileType = folder.assetcatalog; path = Assets.xcassets; sourceTree = "<group>"; };
		00F243362AA9AD0D00FBA93F /* Base */ = {isa = PBXFileReference; lastKnownFileType = file.storyboard; name = Base; path = Base.lproj/LaunchScreen.storyboard; sourceTree = "<group>"; };
		00F243382AA9AD0D00FBA93F /* Info.plist */ = {isa = PBXFileReference; lastKnownFileType = text.plist.xml; path = Info.plist; sourceTree = "<group>"; };
		00F2433D2AA9AD0E00FBA93F /* DrawOnVideoSampleTests.xctest */ = {isa = PBXFileReference; explicitFileType = wrapper.cfbundle; includeInIndex = 0; path = DrawOnVideoSampleTests.xctest; sourceTree = BUILT_PRODUCTS_DIR; };
		00F243412AA9AD0E00FBA93F /* DrawOnVideoSampleTests.swift */ = {isa = PBXFileReference; lastKnownFileType = sourcecode.swift; path = DrawOnVideoSampleTests.swift; sourceTree = "<group>"; };
		00F243472AA9AD0E00FBA93F /* DrawOnVideoSampleUITests.xctest */ = {isa = PBXFileReference; explicitFileType = wrapper.cfbundle; includeInIndex = 0; path = DrawOnVideoSampleUITests.xctest; sourceTree = BUILT_PRODUCTS_DIR; };
		00F2434B2AA9AD0E00FBA93F /* DrawOnVideoSampleUITests.swift */ = {isa = PBXFileReference; lastKnownFileType = sourcecode.swift; path = DrawOnVideoSampleUITests.swift; sourceTree = "<group>"; };
		00F2434D2AA9AD0E00FBA93F /* DrawOnVideoSampleUITestsLaunchTests.swift */ = {isa = PBXFileReference; lastKnownFileType = sourcecode.swift; path = DrawOnVideoSampleUITestsLaunchTests.swift; sourceTree = "<group>"; };
		064D35351EF3EECFD19CA512 /* Pods-DrawOnVideoSampleTests.release.xcconfig */ = {isa = PBXFileReference; includeInIndex = 1; lastKnownFileType = text.xcconfig; name = "Pods-DrawOnVideoSampleTests.release.xcconfig"; path = "Target Support Files/Pods-DrawOnVideoSampleTests/Pods-DrawOnVideoSampleTests.release.xcconfig"; sourceTree = "<group>"; };
		645FCFA34154BE13F3873DBB /* Pods_DrawOnVideoSample.framework */ = {isa = PBXFileReference; explicitFileType = wrapper.framework; includeInIndex = 0; path = Pods_DrawOnVideoSample.framework; sourceTree = BUILT_PRODUCTS_DIR; };
		65A5188087881BBF9A2EBE2C /* Pods_DrawOnVideoSampleTests.framework */ = {isa = PBXFileReference; explicitFileType = wrapper.framework; includeInIndex = 0; path = Pods_DrawOnVideoSampleTests.framework; sourceTree = BUILT_PRODUCTS_DIR; };
		746CCF5D245484CB4AE89355 /* Pods-DrawOnVideoSample.debug.xcconfig */ = {isa = PBXFileReference; includeInIndex = 1; lastKnownFileType = text.xcconfig; name = "Pods-DrawOnVideoSample.debug.xcconfig"; path = "Target Support Files/Pods-DrawOnVideoSample/Pods-DrawOnVideoSample.debug.xcconfig"; sourceTree = "<group>"; };
		790511D60F21734823AA7AB7 /* Pods-DrawOnVideoSampleTests.debug.xcconfig */ = {isa = PBXFileReference; includeInIndex = 1; lastKnownFileType = text.xcconfig; name = "Pods-DrawOnVideoSampleTests.debug.xcconfig"; path = "Target Support Files/Pods-DrawOnVideoSampleTests/Pods-DrawOnVideoSampleTests.debug.xcconfig"; sourceTree = "<group>"; };
		96CF610638211B65425C893D /* Pods_DrawOnVideoSample_DrawOnVideoSampleUITests.framework */ = {isa = PBXFileReference; explicitFileType = wrapper.framework; includeInIndex = 0; path = Pods_DrawOnVideoSample_DrawOnVideoSampleUITests.framework; sourceTree = BUILT_PRODUCTS_DIR; };
		BBDD97F6B9228228EDFF3C5A /* Pods-DrawOnVideoSample.release.xcconfig */ = {isa = PBXFileReference; includeInIndex = 1; lastKnownFileType = text.xcconfig; name = "Pods-DrawOnVideoSample.release.xcconfig"; path = "Target Support Files/Pods-DrawOnVideoSample/Pods-DrawOnVideoSample.release.xcconfig"; sourceTree = "<group>"; };
		DAA0C8DE497F9152FA1B42EA /* Pods-DrawOnVideoSample-DrawOnVideoSampleUITests.debug.xcconfig */ = {isa = PBXFileReference; includeInIndex = 1; lastKnownFileType = text.xcconfig; name = "Pods-DrawOnVideoSample-DrawOnVideoSampleUITests.debug.xcconfig"; path = "Target Support Files/Pods-DrawOnVideoSample-DrawOnVideoSampleUITests/Pods-DrawOnVideoSample-DrawOnVideoSampleUITests.debug.xcconfig"; sourceTree = "<group>"; };
		F7BF85C3908F3907A8F689FE /* Pods-DrawOnVideoSample-DrawOnVideoSampleUITests.release.xcconfig */ = {isa = PBXFileReference; includeInIndex = 1; lastKnownFileType = text.xcconfig; name = "Pods-DrawOnVideoSample-DrawOnVideoSampleUITests.release.xcconfig"; path = "Target Support Files/Pods-DrawOnVideoSample-DrawOnVideoSampleUITests/Pods-DrawOnVideoSample-DrawOnVideoSampleUITests.release.xcconfig"; sourceTree = "<group>"; };
/* End PBXFileReference section */

/* Begin PBXFrameworksBuildPhase section */
		00F243242AA9AD0A00FBA93F /* Frameworks */ = {
			isa = PBXFrameworksBuildPhase;
			buildActionMask = 2147483647;
			files = (
				99317EEBD684CD64032D41A4 /* Pods_DrawOnVideoSample.framework in Frameworks */,
			);
			runOnlyForDeploymentPostprocessing = 0;
		};
		00F2433A2AA9AD0E00FBA93F /* Frameworks */ = {
			isa = PBXFrameworksBuildPhase;
			buildActionMask = 2147483647;
			files = (
				DCEA82A1D698964024BA1618 /* Pods_DrawOnVideoSampleTests.framework in Frameworks */,
			);
			runOnlyForDeploymentPostprocessing = 0;
		};
		00F243442AA9AD0E00FBA93F /* Frameworks */ = {
			isa = PBXFrameworksBuildPhase;
			buildActionMask = 2147483647;
			files = (
				D54357AF27A45A90B040C940 /* Pods_DrawOnVideoSample_DrawOnVideoSampleUITests.framework in Frameworks */,
			);
			runOnlyForDeploymentPostprocessing = 0;
		};
/* End PBXFrameworksBuildPhase section */

/* Begin PBXGroup section */
		00F2431E2AA9AD0A00FBA93F = {
			isa = PBXGroup;
			children = (
				00F243292AA9AD0A00FBA93F /* DrawOnVideoSample */,
				00F243402AA9AD0E00FBA93F /* DrawOnVideoSampleTests */,
				00F2434A2AA9AD0E00FBA93F /* DrawOnVideoSampleUITests */,
				00F243282AA9AD0A00FBA93F /* Products */,
				9BE1E381623DC3EEA4276E89 /* Pods */,
				19B443008DAE84EA574DE57D /* Frameworks */,
			);
			sourceTree = "<group>";
		};
		00F243282AA9AD0A00FBA93F /* Products */ = {
			isa = PBXGroup;
			children = (
				00F243272AA9AD0A00FBA93F /* DrawOnVideoSample.app */,
				00F2433D2AA9AD0E00FBA93F /* DrawOnVideoSampleTests.xctest */,
				00F243472AA9AD0E00FBA93F /* DrawOnVideoSampleUITests.xctest */,
			);
			name = Products;
			sourceTree = "<group>";
		};
		00F243292AA9AD0A00FBA93F /* DrawOnVideoSample */ = {
			isa = PBXGroup;
			children = (
				00F2432A2AA9AD0A00FBA93F /* AppDelegate.swift */,
				00F2432C2AA9AD0A00FBA93F /* SceneDelegate.swift */,
				00F2432E2AA9AD0A00FBA93F /* ViewController.swift */,
				00F243302AA9AD0A00FBA93F /* Main.storyboard */,
				00F243332AA9AD0D00FBA93F /* Assets.xcassets */,
				00F243352AA9AD0D00FBA93F /* LaunchScreen.storyboard */,
				00F243382AA9AD0D00FBA93F /* Info.plist */,
			);
			path = DrawOnVideoSample;
			sourceTree = "<group>";
		};
		00F243402AA9AD0E00FBA93F /* DrawOnVideoSampleTests */ = {
			isa = PBXGroup;
			children = (
				00F243412AA9AD0E00FBA93F /* DrawOnVideoSampleTests.swift */,
			);
			path = DrawOnVideoSampleTests;
			sourceTree = "<group>";
		};
		00F2434A2AA9AD0E00FBA93F /* DrawOnVideoSampleUITests */ = {
			isa = PBXGroup;
			children = (
				00F2434B2AA9AD0E00FBA93F /* DrawOnVideoSampleUITests.swift */,
				00F2434D2AA9AD0E00FBA93F /* DrawOnVideoSampleUITestsLaunchTests.swift */,
			);
			path = DrawOnVideoSampleUITests;
			sourceTree = "<group>";
		};
		19B443008DAE84EA574DE57D /* Frameworks */ = {
			isa = PBXGroup;
			children = (
				645FCFA34154BE13F3873DBB /* Pods_DrawOnVideoSample.framework */,
				96CF610638211B65425C893D /* Pods_DrawOnVideoSample_DrawOnVideoSampleUITests.framework */,
				65A5188087881BBF9A2EBE2C /* Pods_DrawOnVideoSampleTests.framework */,
			);
			name = Frameworks;
			sourceTree = "<group>";
		};
		9BE1E381623DC3EEA4276E89 /* Pods */ = {
			isa = PBXGroup;
			children = (
				746CCF5D245484CB4AE89355 /* Pods-DrawOnVideoSample.debug.xcconfig */,
				BBDD97F6B9228228EDFF3C5A /* Pods-DrawOnVideoSample.release.xcconfig */,
				DAA0C8DE497F9152FA1B42EA /* Pods-DrawOnVideoSample-DrawOnVideoSampleUITests.debug.xcconfig */,
				F7BF85C3908F3907A8F689FE /* Pods-DrawOnVideoSample-DrawOnVideoSampleUITests.release.xcconfig */,
				790511D60F21734823AA7AB7 /* Pods-DrawOnVideoSampleTests.debug.xcconfig */,
				064D35351EF3EECFD19CA512 /* Pods-DrawOnVideoSampleTests.release.xcconfig */,
			);
			name = Pods;
			path = Pods;
			sourceTree = "<group>";
		};
/* End PBXGroup section */

/* Begin PBXNativeTarget section */
		00F243262AA9AD0A00FBA93F /* DrawOnVideoSample */ = {
			isa = PBXNativeTarget;
			buildConfigurationList = 00F243512AA9AD0E00FBA93F /* Build configuration list for PBXNativeTarget "DrawOnVideoSample" */;
			buildPhases = (
				15A6DE1775216D933B039643 /* [CP] Check Pods Manifest.lock */,
				00F243232AA9AD0A00FBA93F /* Sources */,
				00F243242AA9AD0A00FBA93F /* Frameworks */,
				00F243252AA9AD0A00FBA93F /* Resources */,
				E08C256B5CC7E25F7BD9F6A1 /* [CP] Embed Pods Frameworks */,
			);
			buildRules = (
			);
			dependencies = (
			);
			name = DrawOnVideoSample;
			productName = DrawOnVideoSample;
			productReference = 00F243272AA9AD0A00FBA93F /* DrawOnVideoSample.app */;
			productType = "com.apple.product-type.application";
		};
		00F2433C2AA9AD0E00FBA93F /* DrawOnVideoSampleTests */ = {
			isa = PBXNativeTarget;
			buildConfigurationList = 00F243542AA9AD0E00FBA93F /* Build configuration list for PBXNativeTarget "DrawOnVideoSampleTests" */;
			buildPhases = (
				35CB86432C23945C52010091 /* [CP] Check Pods Manifest.lock */,
				00F243392AA9AD0E00FBA93F /* Sources */,
				00F2433A2AA9AD0E00FBA93F /* Frameworks */,
				00F2433B2AA9AD0E00FBA93F /* Resources */,
			);
			buildRules = (
			);
			dependencies = (
				00F2433F2AA9AD0E00FBA93F /* PBXTargetDependency */,
			);
			name = DrawOnVideoSampleTests;
			productName = DrawOnVideoSampleTests;
			productReference = 00F2433D2AA9AD0E00FBA93F /* DrawOnVideoSampleTests.xctest */;
			productType = "com.apple.product-type.bundle.unit-test";
		};
		00F243462AA9AD0E00FBA93F /* DrawOnVideoSampleUITests */ = {
			isa = PBXNativeTarget;
			buildConfigurationList = 00F243572AA9AD0E00FBA93F /* Build configuration list for PBXNativeTarget "DrawOnVideoSampleUITests" */;
			buildPhases = (
				C92C04CCD11C0D3D7D6C58E8 /* [CP] Check Pods Manifest.lock */,
				00F243432AA9AD0E00FBA93F /* Sources */,
				00F243442AA9AD0E00FBA93F /* Frameworks */,
				00F243452AA9AD0E00FBA93F /* Resources */,
				E768B2E5750CDD6DA02A947F /* [CP] Embed Pods Frameworks */,
			);
			buildRules = (
			);
			dependencies = (
				00F243492AA9AD0E00FBA93F /* PBXTargetDependency */,
			);
			name = DrawOnVideoSampleUITests;
			productName = DrawOnVideoSampleUITests;
			productReference = 00F243472AA9AD0E00FBA93F /* DrawOnVideoSampleUITests.xctest */;
			productType = "com.apple.product-type.bundle.ui-testing";
		};
/* End PBXNativeTarget section */

/* Begin PBXProject section */
		00F2431F2AA9AD0A00FBA93F /* Project object */ = {
			isa = PBXProject;
			attributes = {
				BuildIndependentTargetsInParallel = 1;
				LastSwiftUpdateCheck = 1420;
				LastUpgradeCheck = 1420;
				TargetAttributes = {
					00F243262AA9AD0A00FBA93F = {
						CreatedOnToolsVersion = 14.2;
					};
					00F2433C2AA9AD0E00FBA93F = {
						CreatedOnToolsVersion = 14.2;
						TestTargetID = 00F243262AA9AD0A00FBA93F;
					};
					00F243462AA9AD0E00FBA93F = {
						CreatedOnToolsVersion = 14.2;
						TestTargetID = 00F243262AA9AD0A00FBA93F;
					};
				};
			};
			buildConfigurationList = 00F243222AA9AD0A00FBA93F /* Build configuration list for PBXProject "DrawOnVideoSample" */;
			compatibilityVersion = "Xcode 14.0";
			developmentRegion = en;
			hasScannedForEncodings = 0;
			knownRegions = (
				en,
				Base,
			);
			mainGroup = 00F2431E2AA9AD0A00FBA93F;
			productRefGroup = 00F243282AA9AD0A00FBA93F /* Products */;
			projectDirPath = "";
			projectRoot = "";
			targets = (
				00F243262AA9AD0A00FBA93F /* DrawOnVideoSample */,
				00F2433C2AA9AD0E00FBA93F /* DrawOnVideoSampleTests */,
				00F243462AA9AD0E00FBA93F /* DrawOnVideoSampleUITests */,
			);
		};
/* End PBXProject section */

/* Begin PBXResourcesBuildPhase section */
		00F243252AA9AD0A00FBA93F /* Resources */ = {
			isa = PBXResourcesBuildPhase;
			buildActionMask = 2147483647;
			files = (
				00F243372AA9AD0D00FBA93F /* LaunchScreen.storyboard in Resources */,
				00F243342AA9AD0D00FBA93F /* Assets.xcassets in Resources */,
				00F243322AA9AD0A00FBA93F /* Main.storyboard in Resources */,
			);
			runOnlyForDeploymentPostprocessing = 0;
		};
		00F2433B2AA9AD0E00FBA93F /* Resources */ = {
			isa = PBXResourcesBuildPhase;
			buildActionMask = 2147483647;
			files = (
			);
			runOnlyForDeploymentPostprocessing = 0;
		};
		00F243452AA9AD0E00FBA93F /* Resources */ = {
			isa = PBXResourcesBuildPhase;
			buildActionMask = 2147483647;
			files = (
			);
			runOnlyForDeploymentPostprocessing = 0;
		};
/* End PBXResourcesBuildPhase section */

/* Begin PBXShellScriptBuildPhase section */
		15A6DE1775216D933B039643 /* [CP] Check Pods Manifest.lock */ = {
			isa = PBXShellScriptBuildPhase;
			buildActionMask = 2147483647;
			files = (
			);
			inputFileListPaths = (
			);
			inputPaths = (
				"${PODS_PODFILE_DIR_PATH}/Podfile.lock",
				"${PODS_ROOT}/Manifest.lock",
			);
			name = "[CP] Check Pods Manifest.lock";
			outputFileListPaths = (
			);
			outputPaths = (
				"$(DERIVED_FILE_DIR)/Pods-DrawOnVideoSample-checkManifestLockResult.txt",
			);
			runOnlyForDeploymentPostprocessing = 0;
			shellPath = /bin/sh;
			shellScript = "diff \"${PODS_PODFILE_DIR_PATH}/Podfile.lock\" \"${PODS_ROOT}/Manifest.lock\" > /dev/null\nif [ $? != 0 ] ; then\n    # print error to STDERR\n    echo \"error: The sandbox is not in sync with the Podfile.lock. Run 'pod install' or update your CocoaPods installation.\" >&2\n    exit 1\nfi\n# This output is used by Xcode 'outputs' to avoid re-running this script phase.\necho \"SUCCESS\" > \"${SCRIPT_OUTPUT_FILE_0}\"\n";
			showEnvVarsInLog = 0;
		};
		35CB86432C23945C52010091 /* [CP] Check Pods Manifest.lock */ = {
			isa = PBXShellScriptBuildPhase;
			buildActionMask = 2147483647;
			files = (
			);
			inputFileListPaths = (
			);
			inputPaths = (
				"${PODS_PODFILE_DIR_PATH}/Podfile.lock",
				"${PODS_ROOT}/Manifest.lock",
			);
			name = "[CP] Check Pods Manifest.lock";
			outputFileListPaths = (
			);
			outputPaths = (
				"$(DERIVED_FILE_DIR)/Pods-DrawOnVideoSampleTests-checkManifestLockResult.txt",
			);
			runOnlyForDeploymentPostprocessing = 0;
			shellPath = /bin/sh;
			shellScript = "diff \"${PODS_PODFILE_DIR_PATH}/Podfile.lock\" \"${PODS_ROOT}/Manifest.lock\" > /dev/null\nif [ $? != 0 ] ; then\n    # print error to STDERR\n    echo \"error: The sandbox is not in sync with the Podfile.lock. Run 'pod install' or update your CocoaPods installation.\" >&2\n    exit 1\nfi\n# This output is used by Xcode 'outputs' to avoid re-running this script phase.\necho \"SUCCESS\" > \"${SCRIPT_OUTPUT_FILE_0}\"\n";
			showEnvVarsInLog = 0;
		};
		C92C04CCD11C0D3D7D6C58E8 /* [CP] Check Pods Manifest.lock */ = {
			isa = PBXShellScriptBuildPhase;
			buildActionMask = 2147483647;
			files = (
			);
			inputFileListPaths = (
			);
			inputPaths = (
				"${PODS_PODFILE_DIR_PATH}/Podfile.lock",
				"${PODS_ROOT}/Manifest.lock",
			);
			name = "[CP] Check Pods Manifest.lock";
			outputFileListPaths = (
			);
			outputPaths = (
				"$(DERIVED_FILE_DIR)/Pods-DrawOnVideoSample-DrawOnVideoSampleUITests-checkManifestLockResult.txt",
			);
			runOnlyForDeploymentPostprocessing = 0;
			shellPath = /bin/sh;
			shellScript = "diff \"${PODS_PODFILE_DIR_PATH}/Podfile.lock\" \"${PODS_ROOT}/Manifest.lock\" > /dev/null\nif [ $? != 0 ] ; then\n    # print error to STDERR\n    echo \"error: The sandbox is not in sync with the Podfile.lock. Run 'pod install' or update your CocoaPods installation.\" >&2\n    exit 1\nfi\n# This output is used by Xcode 'outputs' to avoid re-running this script phase.\necho \"SUCCESS\" > \"${SCRIPT_OUTPUT_FILE_0}\"\n";
			showEnvVarsInLog = 0;
		};
		E08C256B5CC7E25F7BD9F6A1 /* [CP] Embed Pods Frameworks */ = {
			isa = PBXShellScriptBuildPhase;
			buildActionMask = 2147483647;
			files = (
			);
			inputFileListPaths = (
				"${PODS_ROOT}/Target Support Files/Pods-DrawOnVideoSample/Pods-DrawOnVideoSample-frameworks-${CONFIGURATION}-input-files.xcfilelist",
			);
			name = "[CP] Embed Pods Frameworks";
			outputFileListPaths = (
				"${PODS_ROOT}/Target Support Files/Pods-DrawOnVideoSample/Pods-DrawOnVideoSample-frameworks-${CONFIGURATION}-output-files.xcfilelist",
			);
			runOnlyForDeploymentPostprocessing = 0;
			shellPath = /bin/sh;
			shellScript = "\"${PODS_ROOT}/Target Support Files/Pods-DrawOnVideoSample/Pods-DrawOnVideoSample-frameworks.sh\"\n";
			showEnvVarsInLog = 0;
		};
		E768B2E5750CDD6DA02A947F /* [CP] Embed Pods Frameworks */ = {
			isa = PBXShellScriptBuildPhase;
			buildActionMask = 2147483647;
			files = (
			);
			inputFileListPaths = (
				"${PODS_ROOT}/Target Support Files/Pods-DrawOnVideoSample-DrawOnVideoSampleUITests/Pods-DrawOnVideoSample-DrawOnVideoSampleUITests-frameworks-${CONFIGURATION}-input-files.xcfilelist",
			);
			name = "[CP] Embed Pods Frameworks";
			outputFileListPaths = (
				"${PODS_ROOT}/Target Support Files/Pods-DrawOnVideoSample-DrawOnVideoSampleUITests/Pods-DrawOnVideoSample-DrawOnVideoSampleUITests-frameworks-${CONFIGURATION}-output-files.xcfilelist",
			);
			runOnlyForDeploymentPostprocessing = 0;
			shellPath = /bin/sh;
			shellScript = "\"${PODS_ROOT}/Target Support Files/Pods-DrawOnVideoSample-DrawOnVideoSampleUITests/Pods-DrawOnVideoSample-DrawOnVideoSampleUITests-frameworks.sh\"\n";
			showEnvVarsInLog = 0;
		};
/* End PBXShellScriptBuildPhase section */

/* Begin PBXSourcesBuildPhase section */
		00F243232AA9AD0A00FBA93F /* Sources */ = {
			isa = PBXSourcesBuildPhase;
			buildActionMask = 2147483647;
			files = (
				00F2432F2AA9AD0A00FBA93F /* ViewController.swift in Sources */,
				00F2432B2AA9AD0A00FBA93F /* AppDelegate.swift in Sources */,
				00F2432D2AA9AD0A00FBA93F /* SceneDelegate.swift in Sources */,
			);
			runOnlyForDeploymentPostprocessing = 0;
		};
		00F243392AA9AD0E00FBA93F /* Sources */ = {
			isa = PBXSourcesBuildPhase;
			buildActionMask = 2147483647;
			files = (
				00F243422AA9AD0E00FBA93F /* DrawOnVideoSampleTests.swift in Sources */,
			);
			runOnlyForDeploymentPostprocessing = 0;
		};
		00F243432AA9AD0E00FBA93F /* Sources */ = {
			isa = PBXSourcesBuildPhase;
			buildActionMask = 2147483647;
			files = (
				00F2434C2AA9AD0E00FBA93F /* DrawOnVideoSampleUITests.swift in Sources */,
				00F2434E2AA9AD0E00FBA93F /* DrawOnVideoSampleUITestsLaunchTests.swift in Sources */,
			);
			runOnlyForDeploymentPostprocessing = 0;
		};
/* End PBXSourcesBuildPhase section */

/* Begin PBXTargetDependency section */
		00F2433F2AA9AD0E00FBA93F /* PBXTargetDependency */ = {
			isa = PBXTargetDependency;
			target = 00F243262AA9AD0A00FBA93F /* DrawOnVideoSample */;
			targetProxy = 00F2433E2AA9AD0E00FBA93F /* PBXContainerItemProxy */;
		};
		00F243492AA9AD0E00FBA93F /* PBXTargetDependency */ = {
			isa = PBXTargetDependency;
			target = 00F243262AA9AD0A00FBA93F /* DrawOnVideoSample */;
			targetProxy = 00F243482AA9AD0E00FBA93F /* PBXContainerItemProxy */;
		};
/* End PBXTargetDependency section */

/* Begin PBXVariantGroup section */
		00F243302AA9AD0A00FBA93F /* Main.storyboard */ = {
			isa = PBXVariantGroup;
			children = (
				00F243312AA9AD0A00FBA93F /* Base */,
			);
			name = Main.storyboard;
			sourceTree = "<group>";
		};
		00F243352AA9AD0D00FBA93F /* LaunchScreen.storyboard */ = {
			isa = PBXVariantGroup;
			children = (
				00F243362AA9AD0D00FBA93F /* Base */,
			);
			name = LaunchScreen.storyboard;
			sourceTree = "<group>";
		};
/* End PBXVariantGroup section */

/* Begin XCBuildConfiguration section */
		00F2434F2AA9AD0E00FBA93F /* Debug */ = {
			isa = XCBuildConfiguration;
			buildSettings = {
				ALWAYS_SEARCH_USER_PATHS = NO;
				CLANG_ANALYZER_NONNULL = YES;
				CLANG_ANALYZER_NUMBER_OBJECT_CONVERSION = YES_AGGRESSIVE;
				CLANG_CXX_LANGUAGE_STANDARD = "gnu++20";
				CLANG_ENABLE_MODULES = YES;
				CLANG_ENABLE_OBJC_ARC = YES;
				CLANG_ENABLE_OBJC_WEAK = YES;
				CLANG_WARN_BLOCK_CAPTURE_AUTORELEASING = YES;
				CLANG_WARN_BOOL_CONVERSION = YES;
				CLANG_WARN_COMMA = YES;
				CLANG_WARN_CONSTANT_CONVERSION = YES;
				CLANG_WARN_DEPRECATED_OBJC_IMPLEMENTATIONS = YES;
				CLANG_WARN_DIRECT_OBJC_ISA_USAGE = YES_ERROR;
				CLANG_WARN_DOCUMENTATION_COMMENTS = YES;
				CLANG_WARN_EMPTY_BODY = YES;
				CLANG_WARN_ENUM_CONVERSION = YES;
				CLANG_WARN_INFINITE_RECURSION = YES;
				CLANG_WARN_INT_CONVERSION = YES;
				CLANG_WARN_NON_LITERAL_NULL_CONVERSION = YES;
				CLANG_WARN_OBJC_IMPLICIT_RETAIN_SELF = YES;
				CLANG_WARN_OBJC_LITERAL_CONVERSION = YES;
				CLANG_WARN_OBJC_ROOT_CLASS = YES_ERROR;
				CLANG_WARN_QUOTED_INCLUDE_IN_FRAMEWORK_HEADER = YES;
				CLANG_WARN_RANGE_LOOP_ANALYSIS = YES;
				CLANG_WARN_STRICT_PROTOTYPES = YES;
				CLANG_WARN_SUSPICIOUS_MOVE = YES;
				CLANG_WARN_UNGUARDED_AVAILABILITY = YES_AGGRESSIVE;
				CLANG_WARN_UNREACHABLE_CODE = YES;
				CLANG_WARN__DUPLICATE_METHOD_MATCH = YES;
				COPY_PHASE_STRIP = NO;
				DEBUG_INFORMATION_FORMAT = dwarf;
				ENABLE_STRICT_OBJC_MSGSEND = YES;
				ENABLE_TESTABILITY = YES;
				GCC_C_LANGUAGE_STANDARD = gnu11;
				GCC_DYNAMIC_NO_PIC = NO;
				GCC_NO_COMMON_BLOCKS = YES;
				GCC_OPTIMIZATION_LEVEL = 0;
				GCC_PREPROCESSOR_DEFINITIONS = (
					"DEBUG=1",
					"$(inherited)",
				);
				GCC_WARN_64_TO_32_BIT_CONVERSION = YES;
				GCC_WARN_ABOUT_RETURN_TYPE = YES_ERROR;
				GCC_WARN_UNDECLARED_SELECTOR = YES;
				GCC_WARN_UNINITIALIZED_AUTOS = YES_AGGRESSIVE;
				GCC_WARN_UNUSED_FUNCTION = YES;
				GCC_WARN_UNUSED_VARIABLE = YES;
				IPHONEOS_DEPLOYMENT_TARGET = 16.2;
				MTL_ENABLE_DEBUG_INFO = INCLUDE_SOURCE;
				MTL_FAST_MATH = YES;
				ONLY_ACTIVE_ARCH = YES;
				SDKROOT = iphoneos;
				SWIFT_ACTIVE_COMPILATION_CONDITIONS = DEBUG;
				SWIFT_OPTIMIZATION_LEVEL = "-Onone";
			};
			name = Debug;
		};
		00F243502AA9AD0E00FBA93F /* Release */ = {
			isa = XCBuildConfiguration;
			buildSettings = {
				ALWAYS_SEARCH_USER_PATHS = NO;
				CLANG_ANALYZER_NONNULL = YES;
				CLANG_ANALYZER_NUMBER_OBJECT_CONVERSION = YES_AGGRESSIVE;
				CLANG_CXX_LANGUAGE_STANDARD = "gnu++20";
				CLANG_ENABLE_MODULES = YES;
				CLANG_ENABLE_OBJC_ARC = YES;
				CLANG_ENABLE_OBJC_WEAK = YES;
				CLANG_WARN_BLOCK_CAPTURE_AUTORELEASING = YES;
				CLANG_WARN_BOOL_CONVERSION = YES;
				CLANG_WARN_COMMA = YES;
				CLANG_WARN_CONSTANT_CONVERSION = YES;
				CLANG_WARN_DEPRECATED_OBJC_IMPLEMENTATIONS = YES;
				CLANG_WARN_DIRECT_OBJC_ISA_USAGE = YES_ERROR;
				CLANG_WARN_DOCUMENTATION_COMMENTS = YES;
				CLANG_WARN_EMPTY_BODY = YES;
				CLANG_WARN_ENUM_CONVERSION = YES;
				CLANG_WARN_INFINITE_RECURSION = YES;
				CLANG_WARN_INT_CONVERSION = YES;
				CLANG_WARN_NON_LITERAL_NULL_CONVERSION = YES;
				CLANG_WARN_OBJC_IMPLICIT_RETAIN_SELF = YES;
				CLANG_WARN_OBJC_LITERAL_CONVERSION = YES;
				CLANG_WARN_OBJC_ROOT_CLASS = YES_ERROR;
				CLANG_WARN_QUOTED_INCLUDE_IN_FRAMEWORK_HEADER = YES;
				CLANG_WARN_RANGE_LOOP_ANALYSIS = YES;
				CLANG_WARN_STRICT_PROTOTYPES = YES;
				CLANG_WARN_SUSPICIOUS_MOVE = YES;
				CLANG_WARN_UNGUARDED_AVAILABILITY = YES_AGGRESSIVE;
				CLANG_WARN_UNREACHABLE_CODE = YES;
				CLANG_WARN__DUPLICATE_METHOD_MATCH = YES;
				COPY_PHASE_STRIP = NO;
				DEBUG_INFORMATION_FORMAT = "dwarf-with-dsym";
				ENABLE_NS_ASSERTIONS = NO;
				ENABLE_STRICT_OBJC_MSGSEND = YES;
				GCC_C_LANGUAGE_STANDARD = gnu11;
				GCC_NO_COMMON_BLOCKS = YES;
				GCC_WARN_64_TO_32_BIT_CONVERSION = YES;
				GCC_WARN_ABOUT_RETURN_TYPE = YES_ERROR;
				GCC_WARN_UNDECLARED_SELECTOR = YES;
				GCC_WARN_UNINITIALIZED_AUTOS = YES_AGGRESSIVE;
				GCC_WARN_UNUSED_FUNCTION = YES;
				GCC_WARN_UNUSED_VARIABLE = YES;
				IPHONEOS_DEPLOYMENT_TARGET = 16.2;
				MTL_ENABLE_DEBUG_INFO = NO;
				MTL_FAST_MATH = YES;
				SDKROOT = iphoneos;
				SWIFT_COMPILATION_MODE = wholemodule;
				SWIFT_OPTIMIZATION_LEVEL = "-O";
				VALIDATE_PRODUCT = YES;
			};
			name = Release;
		};
		00F243522AA9AD0E00FBA93F /* Debug */ = {
			isa = XCBuildConfiguration;
			baseConfigurationReference = 746CCF5D245484CB4AE89355 /* Pods-DrawOnVideoSample.debug.xcconfig */;
			buildSettings = {
				ASSETCATALOG_COMPILER_APPICON_NAME = AppIcon;
				ASSETCATALOG_COMPILER_GLOBAL_ACCENT_COLOR_NAME = AccentColor;
				CODE_SIGN_STYLE = Automatic;
				CURRENT_PROJECT_VERSION = 1;
				DEVELOPMENT_TEAM = RC6CWH37Y3;
				GENERATE_INFOPLIST_FILE = YES;
				INFOPLIST_FILE = DrawOnVideoSample/Info.plist;
				INFOPLIST_KEY_UIApplicationSupportsIndirectInputEvents = YES;
				INFOPLIST_KEY_UILaunchStoryboardName = LaunchScreen;
				INFOPLIST_KEY_UIMainStoryboardFile = Main;
				INFOPLIST_KEY_UISupportedInterfaceOrientations_iPad = "UIInterfaceOrientationPortrait UIInterfaceOrientationPortraitUpsideDown UIInterfaceOrientationLandscapeLeft UIInterfaceOrientationLandscapeRight";
				INFOPLIST_KEY_UISupportedInterfaceOrientations_iPhone = "UIInterfaceOrientationPortrait UIInterfaceOrientationLandscapeLeft UIInterfaceOrientationLandscapeRight";
				LD_RUNPATH_SEARCH_PATHS = (
					"$(inherited)",
					"@executable_path/Frameworks",
				);
				MARKETING_VERSION = 1.0;
				PRODUCT_BUNDLE_IDENTIFIER = com.Pardeepsingh.DrawOnVideoSample;
				PRODUCT_NAME = "$(TARGET_NAME)";
				SWIFT_EMIT_LOC_STRINGS = YES;
				SWIFT_VERSION = 5.0;
				TARGETED_DEVICE_FAMILY = "1,2";
			};
			name = Debug;
		};
		00F243532AA9AD0E00FBA93F /* Release */ = {
			isa = XCBuildConfiguration;
			baseConfigurationReference = BBDD97F6B9228228EDFF3C5A /* Pods-DrawOnVideoSample.release.xcconfig */;
			buildSettings = {
				ASSETCATALOG_COMPILER_APPICON_NAME = AppIcon;
				ASSETCATALOG_COMPILER_GLOBAL_ACCENT_COLOR_NAME = AccentColor;
				CODE_SIGN_STYLE = Automatic;
				CURRENT_PROJECT_VERSION = 1;
				DEVELOPMENT_TEAM = RC6CWH37Y3;
				GENERATE_INFOPLIST_FILE = YES;
				INFOPLIST_FILE = DrawOnVideoSample/Info.plist;
				INFOPLIST_KEY_UIApplicationSupportsIndirectInputEvents = YES;
				INFOPLIST_KEY_UILaunchStoryboardName = LaunchScreen;
				INFOPLIST_KEY_UIMainStoryboardFile = Main;
				INFOPLIST_KEY_UISupportedInterfaceOrientations_iPad = "UIInterfaceOrientationPortrait UIInterfaceOrientationPortraitUpsideDown UIInterfaceOrientationLandscapeLeft UIInterfaceOrientationLandscapeRight";
				INFOPLIST_KEY_UISupportedInterfaceOrientations_iPhone = "UIInterfaceOrientationPortrait UIInterfaceOrientationLandscapeLeft UIInterfaceOrientationLandscapeRight";
				LD_RUNPATH_SEARCH_PATHS = (
					"$(inherited)",
					"@executable_path/Frameworks",
				);
				MARKETING_VERSION = 1.0;
				PRODUCT_BUNDLE_IDENTIFIER = com.Pardeepsingh.DrawOnVideoSample;
				PRODUCT_NAME = "$(TARGET_NAME)";
				SWIFT_EMIT_LOC_STRINGS = YES;
				SWIFT_VERSION = 5.0;
				TARGETED_DEVICE_FAMILY = "1,2";
			};
			name = Release;
		};
		00F243552AA9AD0E00FBA93F /* Debug */ = {
			isa = XCBuildConfiguration;
			baseConfigurationReference = 790511D60F21734823AA7AB7 /* Pods-DrawOnVideoSampleTests.debug.xcconfig */;
			buildSettings = {
				ALWAYS_EMBED_SWIFT_STANDARD_LIBRARIES = YES;
				BUNDLE_LOADER = "$(TEST_HOST)";
				CODE_SIGN_STYLE = Automatic;
				CURRENT_PROJECT_VERSION = 1;
				GENERATE_INFOPLIST_FILE = YES;
				IPHONEOS_DEPLOYMENT_TARGET = 16.2;
				MARKETING_VERSION = 1.0;
				PRODUCT_BUNDLE_IDENTIFIER = com.Pardeepsingh.DrawOnVideoSampleTests;
				PRODUCT_NAME = "$(TARGET_NAME)";
				SWIFT_EMIT_LOC_STRINGS = NO;
				SWIFT_VERSION = 5.0;
				TARGETED_DEVICE_FAMILY = "1,2";
				TEST_HOST = "$(BUILT_PRODUCTS_DIR)/DrawOnVideoSample.app/$(BUNDLE_EXECUTABLE_FOLDER_PATH)/DrawOnVideoSample";
			};
			name = Debug;
		};
		00F243562AA9AD0E00FBA93F /* Release */ = {
			isa = XCBuildConfiguration;
			baseConfigurationReference = 064D35351EF3EECFD19CA512 /* Pods-DrawOnVideoSampleTests.release.xcconfig */;
			buildSettings = {
				ALWAYS_EMBED_SWIFT_STANDARD_LIBRARIES = YES;
				BUNDLE_LOADER = "$(TEST_HOST)";
				CODE_SIGN_STYLE = Automatic;
				CURRENT_PROJECT_VERSION = 1;
				GENERATE_INFOPLIST_FILE = YES;
				IPHONEOS_DEPLOYMENT_TARGET = 16.2;
				MARKETING_VERSION = 1.0;
				PRODUCT_BUNDLE_IDENTIFIER = com.Pardeepsingh.DrawOnVideoSampleTests;
				PRODUCT_NAME = "$(TARGET_NAME)";
				SWIFT_EMIT_LOC_STRINGS = NO;
				SWIFT_VERSION = 5.0;
				TARGETED_DEVICE_FAMILY = "1,2";
				TEST_HOST = "$(BUILT_PRODUCTS_DIR)/DrawOnVideoSample.app/$(BUNDLE_EXECUTABLE_FOLDER_PATH)/DrawOnVideoSample";
			};
			name = Release;
		};
		00F243582AA9AD0E00FBA93F /* Debug */ = {
			isa = XCBuildConfiguration;
			baseConfigurationReference = DAA0C8DE497F9152FA1B42EA /* Pods-DrawOnVideoSample-DrawOnVideoSampleUITests.debug.xcconfig */;
			buildSettings = {
				ALWAYS_EMBED_SWIFT_STANDARD_LIBRARIES = YES;
				CODE_SIGN_STYLE = Automatic;
				CURRENT_PROJECT_VERSION = 1;
				GENERATE_INFOPLIST_FILE = YES;
				MARKETING_VERSION = 1.0;
				PRODUCT_BUNDLE_IDENTIFIER = com.Pardeepsingh.DrawOnVideoSampleUITests;
				PRODUCT_NAME = "$(TARGET_NAME)";
				SWIFT_EMIT_LOC_STRINGS = NO;
				SWIFT_VERSION = 5.0;
				TARGETED_DEVICE_FAMILY = "1,2";
				TEST_TARGET_NAME = DrawOnVideoSample;
			};
			name = Debug;
		};
		00F243592AA9AD0E00FBA93F /* Release */ = {
			isa = XCBuildConfiguration;
			baseConfigurationReference = F7BF85C3908F3907A8F689FE /* Pods-DrawOnVideoSample-DrawOnVideoSampleUITests.release.xcconfig */;
			buildSettings = {
				ALWAYS_EMBED_SWIFT_STANDARD_LIBRARIES = YES;
				CODE_SIGN_STYLE = Automatic;
				CURRENT_PROJECT_VERSION = 1;
				GENERATE_INFOPLIST_FILE = YES;
				MARKETING_VERSION = 1.0;
				PRODUCT_BUNDLE_IDENTIFIER = com.Pardeepsingh.DrawOnVideoSampleUITests;
				PRODUCT_NAME = "$(TARGET_NAME)";
				SWIFT_EMIT_LOC_STRINGS = NO;
				SWIFT_VERSION = 5.0;
				TARGETED_DEVICE_FAMILY = "1,2";
				TEST_TARGET_NAME = DrawOnVideoSample;
			};
			name = Release;
		};
/* End XCBuildConfiguration section */

/* Begin XCConfigurationList section */
		00F243222AA9AD0A00FBA93F /* Build configuration list for PBXProject "DrawOnVideoSample" */ = {
			isa = XCConfigurationList;
			buildConfigurations = (
				00F2434F2AA9AD0E00FBA93F /* Debug */,
				00F243502AA9AD0E00FBA93F /* Release */,
			);
			defaultConfigurationIsVisible = 0;
			defaultConfigurationName = Release;
		};
		00F243512AA9AD0E00FBA93F /* Build configuration list for PBXNativeTarget "DrawOnVideoSample" */ = {
			isa = XCConfigurationList;
			buildConfigurations = (
				00F243522AA9AD0E00FBA93F /* Debug */,
				00F243532AA9AD0E00FBA93F /* Release */,
			);
			defaultConfigurationIsVisible = 0;
			defaultConfigurationName = Release;
		};
		00F243542AA9AD0E00FBA93F /* Build configuration list for PBXNativeTarget "DrawOnVideoSampleTests" */ = {
			isa = XCConfigurationList;
			buildConfigurations = (
				00F243552AA9AD0E00FBA93F /* Debug */,
				00F243562AA9AD0E00FBA93F /* Release */,
			);
			defaultConfigurationIsVisible = 0;
			defaultConfigurationName = Release;
		};
		00F243572AA9AD0E00FBA93F /* Build configuration list for PBXNativeTarget "DrawOnVideoSampleUITests" */ = {
			isa = XCConfigurationList;
			buildConfigurations = (
				00F243582AA9AD0E00FBA93F /* Debug */,
				00F243592AA9AD0E00FBA93F /* Release */,
			);
			defaultConfigurationIsVisible = 0;
			defaultConfigurationName = Release;
		};
/* End XCConfigurationList section */
	};
	rootObject = 00F2431F2AA9AD0A00FBA93F /* Project object */;
}
